// !$*UTF8*$!
{
	archiveVersion = 1;
	classes = {
	};
	objectVersion = 46;
	objects = {

/* Begin PBXBuildFile section */
		20127A131E5C527800AE01F1 /* SliderView.m in Sources */ = {isa = PBXBuildFile; fileRef = 20127A121E5C527800AE01F1 /* SliderView.m */; };
		20127A161E5C52B300AE01F1 /* UINavigation+BackgroundColor.m in Sources */ = {isa = PBXBuildFile; fileRef = 20127A151E5C52B300AE01F1 /* UINavigation+BackgroundColor.m */; };
		20127A181E5C5F3400AE01F1 /* LoadingScreen.storyboard in Resources */ = {isa = PBXBuildFile; fileRef = 20127A171E5C5F3400AE01F1 /* LoadingScreen.storyboard */; };
		20804AAF1E5434140051BFD9 /* main.m in Sources */ = {isa = PBXBuildFile; fileRef = 20804AAE1E5434140051BFD9 /* main.m */; };
		20804AB21E5434140051BFD9 /* AppDelegate.m in Sources */ = {isa = PBXBuildFile; fileRef = 20804AB11E5434140051BFD9 /* AppDelegate.m */; };
		20804AB51E5434140051BFD9 /* ViewController.m in Sources */ = {isa = PBXBuildFile; fileRef = 20804AB41E5434140051BFD9 /* ViewController.m */; };
		20804AB81E5434140051BFD9 /* Main.storyboard in Resources */ = {isa = PBXBuildFile; fileRef = 20804AB61E5434140051BFD9 /* Main.storyboard */; };
		20804ABA1E5434150051BFD9 /* Assets.xcassets in Resources */ = {isa = PBXBuildFile; fileRef = 20804AB91E5434150051BFD9 /* Assets.xcassets */; };
		20804ABD1E5434150051BFD9 /* LaunchScreen.storyboard in Resources */ = {isa = PBXBuildFile; fileRef = 20804ABB1E5434150051BFD9 /* LaunchScreen.storyboard */; };
		20804AC81E5434150051BFD9 /* ____Tests.m in Sources */ = {isa = PBXBuildFile; fileRef = 20804AC71E5434150051BFD9 /* ____Tests.m */; };
		20804AD31E5434150051BFD9 /* ____UITests.m in Sources */ = {isa = PBXBuildFile; fileRef = 20804AD21E5434150051BFD9 /* ____UITests.m */; };
		20804AE61E5434A50051BFD9 /* SliderViewController.m in Sources */ = {isa = PBXBuildFile; fileRef = 20804AE51E5434A50051BFD9 /* SliderViewController.m */; };
		20804AE91E5434AC0051BFD9 /* MainViewController.m in Sources */ = {isa = PBXBuildFile; fileRef = 20804AE81E5434AC0051BFD9 /* MainViewController.m */; };
		20804AEC1E5434B60051BFD9 /* LoadingViewController.m in Sources */ = {isa = PBXBuildFile; fileRef = 20804AEB1E5434B60051BFD9 /* LoadingViewController.m */; };
		20804AEF1E5434D00051BFD9 /* GradientView.m in Sources */ = {isa = PBXBuildFile; fileRef = 20804AEE1E5434D00051BFD9 /* GradientView.m */; };
		20804AF21E5434F10051BFD9 /* StoryView.m in Sources */ = {isa = PBXBuildFile; fileRef = 20804AF11E5434F10051BFD9 /* StoryView.m */; };
		20804AF61E5435100051BFD9 /* StoriesTableViewCell.m in Sources */ = {isa = PBXBuildFile; fileRef = 20804AF41E5435100051BFD9 /* StoriesTableViewCell.m */; };
		20804AF71E5435100051BFD9 /* StoriesTableViewCell.xib in Resources */ = {isa = PBXBuildFile; fileRef = 20804AF51E5435100051BFD9 /* StoriesTableViewCell.xib */; };
		20804AFA1E5435270051BFD9 /* StoriesHeaderCell.m in Sources */ = {isa = PBXBuildFile; fileRef = 20804AF91E5435270051BFD9 /* StoriesHeaderCell.m */; };
		20804AFE1E5435630051BFD9 /* APIDataSource.m in Sources */ = {isa = PBXBuildFile; fileRef = 20804AFD1E5435630051BFD9 /* APIDataSource.m */; };
		20804B041E5435880051BFD9 /* Stories.m in Sources */ = {isa = PBXBuildFile; fileRef = 20804B031E5435880051BFD9 /* Stories.m */; };
		20804B071E5435900051BFD9 /* Story.m in Sources */ = {isa = PBXBuildFile; fileRef = 20804B061E5435900051BFD9 /* Story.m */; };
		20804B0A1E5435A20051BFD9 /* StartImage.m in Sources */ = {isa = PBXBuildFile; fileRef = 20804B091E5435A20051BFD9 /* StartImage.m */; };
		20804B0D1E5435B60051BFD9 /* CachedImage.m in Sources */ = {isa = PBXBuildFile; fileRef = 20804B0C1E5435B60051BFD9 /* CachedImage.m */; };
		20804BCE1E5576F50051BFD9 /* APIRequest.m in Sources */ = {isa = PBXBuildFile; fileRef = 20804BCD1E5576F50051BFD9 /* APIRequest.m */; };
		20804BD11E55770C0051BFD9 /* GCDUtil.m in Sources */ = {isa = PBXBuildFile; fileRef = 20804BD01E55770C0051BFD9 /* GCDUtil.m */; };
		20804BD41E5577190051BFD9 /* CacheUtil.m in Sources */ = {isa = PBXBuildFile; fileRef = 20804BD31E5577190051BFD9 /* CacheUtil.m */; };
		20804BD71E5577240051BFD9 /* DateUtil.m in Sources */ = {isa = PBXBuildFile; fileRef = 20804BD61E5577240051BFD9 /* DateUtil.m */; };
		20804BDA1E5577310051BFD9 /* MD5Util.m in Sources */ = {isa = PBXBuildFile; fileRef = 20804BD91E5577310051BFD9 /* MD5Util.m */; };
		20804BDD1E558E1C0051BFD9 /* DataKeys.m in Sources */ = {isa = PBXBuildFile; fileRef = 20804BDC1E558E1C0051BFD9 /* DataKeys.m */; };
/* End PBXBuildFile section */

/* Begin PBXContainerItemProxy section */
		20804AC41E5434150051BFD9 /* PBXContainerItemProxy */ = {
			isa = PBXContainerItemProxy;
			containerPortal = 20804AA21E5434140051BFD9 /* Project object */;
			proxyType = 1;
			remoteGlobalIDString = 20804AA91E5434140051BFD9;
			remoteInfo = "织呼日报";
		};
		20804ACF1E5434150051BFD9 /* PBXContainerItemProxy */ = {
			isa = PBXContainerItemProxy;
			containerPortal = 20804AA21E5434140051BFD9 /* Project object */;
			proxyType = 1;
			remoteGlobalIDString = 20804AA91E5434140051BFD9;
			remoteInfo = "织呼日报";
		};
/* End PBXContainerItemProxy section */

/* Begin PBXFileReference section */
		20127A111E5C527800AE01F1 /* SliderView.h */ = {isa = PBXFileReference; fileEncoding = 4; lastKnownFileType = sourcecode.c.h; path = SliderView.h; sourceTree = "<group>"; };
		20127A121E5C527800AE01F1 /* SliderView.m */ = {isa = PBXFileReference; fileEncoding = 4; lastKnownFileType = sourcecode.c.objc; path = SliderView.m; sourceTree = "<group>"; };
		20127A141E5C52B300AE01F1 /* UINavigation+BackgroundColor.h */ = {isa = PBXFileReference; fileEncoding = 4; lastKnownFileType = sourcecode.c.h; path = "UINavigation+BackgroundColor.h"; sourceTree = "<group>"; };
		20127A151E5C52B300AE01F1 /* UINavigation+BackgroundColor.m */ = {isa = PBXFileReference; fileEncoding = 4; lastKnownFileType = sourcecode.c.objc; path = "UINavigation+BackgroundColor.m"; sourceTree = "<group>"; };
		20127A171E5C5F3400AE01F1 /* LoadingScreen.storyboard */ = {isa = PBXFileReference; fileEncoding = 4; lastKnownFileType = file.storyboard; name = LoadingScreen.storyboard; path = ../LoadingScreen.storyboard; sourceTree = "<group>"; };
		20804AAA1E5434140051BFD9 /* 织呼日报.app */ = {isa = PBXFileReference; explicitFileType = wrapper.application; includeInIndex = 0; path = "织呼日报.app"; sourceTree = BUILT_PRODUCTS_DIR; };
		20804AAE1E5434140051BFD9 /* main.m */ = {isa = PBXFileReference; lastKnownFileType = sourcecode.c.objc; path = main.m; sourceTree = "<group>"; };
		20804AB01E5434140051BFD9 /* AppDelegate.h */ = {isa = PBXFileReference; lastKnownFileType = sourcecode.c.h; name = AppDelegate.h; path = ../AppDelegate.h; sourceTree = "<group>"; };
		20804AB11E5434140051BFD9 /* AppDelegate.m */ = {isa = PBXFileReference; lastKnownFileType = sourcecode.c.objc; name = AppDelegate.m; path = ../AppDelegate.m; sourceTree = "<group>"; };
		20804AB31E5434140051BFD9 /* ViewController.h */ = {isa = PBXFileReference; lastKnownFileType = sourcecode.c.h; path = ViewController.h; sourceTree = "<group>"; };
		20804AB41E5434140051BFD9 /* ViewController.m */ = {isa = PBXFileReference; lastKnownFileType = sourcecode.c.objc; path = ViewController.m; sourceTree = "<group>"; };
		20804AB71E5434140051BFD9 /* Base */ = {isa = PBXFileReference; lastKnownFileType = file.storyboard; name = Base; path = Base.lproj/Main.storyboard; sourceTree = "<group>"; };
		20804AB91E5434150051BFD9 /* Assets.xcassets */ = {isa = PBXFileReference; lastKnownFileType = folder.assetcatalog; path = Assets.xcassets; sourceTree = "<group>"; };
		20804ABC1E5434150051BFD9 /* Base */ = {isa = PBXFileReference; lastKnownFileType = file.storyboard; name = Base; path = Base.lproj/LaunchScreen.storyboard; sourceTree = "<group>"; };
		20804ABE1E5434150051BFD9 /* Info.plist */ = {isa = PBXFileReference; lastKnownFileType = text.plist.xml; path = Info.plist; sourceTree = "<group>"; };
		20804AC31E5434150051BFD9 /* 织呼日报Tests.xctest */ = {isa = PBXFileReference; explicitFileType = wrapper.cfbundle; includeInIndex = 0; path = "织呼日报Tests.xctest"; sourceTree = BUILT_PRODUCTS_DIR; };
		20804AC71E5434150051BFD9 /* ____Tests.m */ = {isa = PBXFileReference; lastKnownFileType = sourcecode.c.objc; path = "____Tests.m"; sourceTree = "<group>"; };
		20804AC91E5434150051BFD9 /* Info.plist */ = {isa = PBXFileReference; lastKnownFileType = text.plist.xml; path = Info.plist; sourceTree = "<group>"; };
		20804ACE1E5434150051BFD9 /* 织呼日报UITests.xctest */ = {isa = PBXFileReference; explicitFileType = wrapper.cfbundle; includeInIndex = 0; path = "织呼日报UITests.xctest"; sourceTree = BUILT_PRODUCTS_DIR; };
		20804AD21E5434150051BFD9 /* ____UITests.m */ = {isa = PBXFileReference; lastKnownFileType = sourcecode.c.objc; path = "____UITests.m"; sourceTree = "<group>"; };
		20804AD41E5434150051BFD9 /* Info.plist */ = {isa = PBXFileReference; lastKnownFileType = text.plist.xml; path = Info.plist; sourceTree = "<group>"; };
		20804AE41E5434A50051BFD9 /* SliderViewController.h */ = {isa = PBXFileReference; fileEncoding = 4; lastKnownFileType = sourcecode.c.h; path = SliderViewController.h; sourceTree = "<group>"; };
		20804AE51E5434A50051BFD9 /* SliderViewController.m */ = {isa = PBXFileReference; fileEncoding = 4; lastKnownFileType = sourcecode.c.objc; path = SliderViewController.m; sourceTree = "<group>"; };
		20804AE71E5434AC0051BFD9 /* MainViewController.h */ = {isa = PBXFileReference; fileEncoding = 4; lastKnownFileType = sourcecode.c.h; path = MainViewController.h; sourceTree = "<group>"; };
		20804AE81E5434AC0051BFD9 /* MainViewController.m */ = {isa = PBXFileReference; fileEncoding = 4; lastKnownFileType = sourcecode.c.objc; path = MainViewController.m; sourceTree = "<group>"; };
		20804AEA1E5434B60051BFD9 /* LoadingViewController.h */ = {isa = PBXFileReference; fileEncoding = 4; lastKnownFileType = sourcecode.c.h; path = LoadingViewController.h; sourceTree = "<group>"; };
		20804AEB1E5434B60051BFD9 /* LoadingViewController.m */ = {isa = PBXFileReference; fileEncoding = 4; lastKnownFileType = sourcecode.c.objc; path = LoadingViewController.m; sourceTree = "<group>"; };
		20804AED1E5434D00051BFD9 /* GradientView.h */ = {isa = PBXFileReference; fileEncoding = 4; lastKnownFileType = sourcecode.c.h; path = GradientView.h; sourceTree = "<group>"; };
		20804AEE1E5434D00051BFD9 /* GradientView.m */ = {isa = PBXFileReference; fileEncoding = 4; lastKnownFileType = sourcecode.c.objc; path = GradientView.m; sourceTree = "<group>"; };
		20804AF01E5434F10051BFD9 /* StoryView.h */ = {isa = PBXFileReference; fileEncoding = 4; lastKnownFileType = sourcecode.c.h; path = StoryView.h; sourceTree = "<group>"; };
		20804AF11E5434F10051BFD9 /* StoryView.m */ = {isa = PBXFileReference; fileEncoding = 4; lastKnownFileType = sourcecode.c.objc; path = StoryView.m; sourceTree = "<group>"; };
		20804AF31E5435100051BFD9 /* StoriesTableViewCell.h */ = {isa = PBXFileReference; fileEncoding = 4; lastKnownFileType = sourcecode.c.h; path = StoriesTableViewCell.h; sourceTree = "<group>"; };
		20804AF41E5435100051BFD9 /* StoriesTableViewCell.m */ = {isa = PBXFileReference; fileEncoding = 4; lastKnownFileType = sourcecode.c.objc; path = StoriesTableViewCell.m; sourceTree = "<group>"; };
		20804AF51E5435100051BFD9 /* StoriesTableViewCell.xib */ = {isa = PBXFileReference; fileEncoding = 4; lastKnownFileType = file.xib; path = StoriesTableViewCell.xib; sourceTree = "<group>"; };
		20804AF81E5435270051BFD9 /* StoriesHeaderCell.h */ = {isa = PBXFileReference; fileEncoding = 4; lastKnownFileType = sourcecode.c.h; path = StoriesHeaderCell.h; sourceTree = "<group>"; };
		20804AF91E5435270051BFD9 /* StoriesHeaderCell.m */ = {isa = PBXFileReference; fileEncoding = 4; lastKnownFileType = sourcecode.c.objc; path = StoriesHeaderCell.m; sourceTree = "<group>"; };
		20804AFC1E5435630051BFD9 /* APIDataSource.h */ = {isa = PBXFileReference; fileEncoding = 4; lastKnownFileType = sourcecode.c.h; path = APIDataSource.h; sourceTree = "<group>"; };
		20804AFD1E5435630051BFD9 /* APIDataSource.m */ = {isa = PBXFileReference; fileEncoding = 4; lastKnownFileType = sourcecode.c.objc; path = APIDataSource.m; sourceTree = "<group>"; };
		20804B021E5435880051BFD9 /* Stories.h */ = {isa = PBXFileReference; fileEncoding = 4; lastKnownFileType = sourcecode.c.h; path = Stories.h; sourceTree = "<group>"; };
		20804B031E5435880051BFD9 /* Stories.m */ = {isa = PBXFileReference; fileEncoding = 4; lastKnownFileType = sourcecode.c.objc; path = Stories.m; sourceTree = "<group>"; };
		20804B051E5435900051BFD9 /* Story.h */ = {isa = PBXFileReference; fileEncoding = 4; lastKnownFileType = sourcecode.c.h; path = Story.h; sourceTree = "<group>"; };
		20804B061E5435900051BFD9 /* Story.m */ = {isa = PBXFileReference; fileEncoding = 4; lastKnownFileType = sourcecode.c.objc; path = Story.m; sourceTree = "<group>"; };
		20804B081E5435A20051BFD9 /* StartImage.h */ = {isa = PBXFileReference; fileEncoding = 4; lastKnownFileType = sourcecode.c.h; path = StartImage.h; sourceTree = "<group>"; };
		20804B091E5435A20051BFD9 /* StartImage.m */ = {isa = PBXFileReference; fileEncoding = 4; lastKnownFileType = sourcecode.c.objc; path = StartImage.m; sourceTree = "<group>"; };
		20804B0B1E5435B60051BFD9 /* CachedImage.h */ = {isa = PBXFileReference; fileEncoding = 4; lastKnownFileType = sourcecode.c.h; path = CachedImage.h; sourceTree = "<group>"; };
		20804B0C1E5435B60051BFD9 /* CachedImage.m */ = {isa = PBXFileReference; fileEncoding = 4; lastKnownFileType = sourcecode.c.objc; path = CachedImage.m; sourceTree = "<group>"; };
		20804BCC1E5576F50051BFD9 /* APIRequest.h */ = {isa = PBXFileReference; fileEncoding = 4; lastKnownFileType = sourcecode.c.h; path = APIRequest.h; sourceTree = "<group>"; };
		20804BCD1E5576F50051BFD9 /* APIRequest.m */ = {isa = PBXFileReference; fileEncoding = 4; lastKnownFileType = sourcecode.c.objc; path = APIRequest.m; sourceTree = "<group>"; };
		20804BCF1E55770B0051BFD9 /* GCDUtil.h */ = {isa = PBXFileReference; fileEncoding = 4; lastKnownFileType = sourcecode.c.h; path = GCDUtil.h; sourceTree = "<group>"; };
		20804BD01E55770C0051BFD9 /* GCDUtil.m */ = {isa = PBXFileReference; fileEncoding = 4; lastKnownFileType = sourcecode.c.objc; path = GCDUtil.m; sourceTree = "<group>"; };
		20804BD21E5577190051BFD9 /* CacheUtil.h */ = {isa = PBXFileReference; fileEncoding = 4; lastKnownFileType = sourcecode.c.h; path = CacheUtil.h; sourceTree = "<group>"; };
		20804BD31E5577190051BFD9 /* CacheUtil.m */ = {isa = PBXFileReference; fileEncoding = 4; lastKnownFileType = sourcecode.c.objc; path = CacheUtil.m; sourceTree = "<group>"; };
		20804BD51E5577240051BFD9 /* DateUtil.h */ = {isa = PBXFileReference; fileEncoding = 4; lastKnownFileType = sourcecode.c.h; path = DateUtil.h; sourceTree = "<group>"; };
		20804BD61E5577240051BFD9 /* DateUtil.m */ = {isa = PBXFileReference; fileEncoding = 4; lastKnownFileType = sourcecode.c.objc; path = DateUtil.m; sourceTree = "<group>"; };
		20804BD81E5577310051BFD9 /* MD5Util.h */ = {isa = PBXFileReference; fileEncoding = 4; lastKnownFileType = sourcecode.c.h; path = MD5Util.h; sourceTree = "<group>"; };
		20804BD91E5577310051BFD9 /* MD5Util.m */ = {isa = PBXFileReference; fileEncoding = 4; lastKnownFileType = sourcecode.c.objc; path = MD5Util.m; sourceTree = "<group>"; };
		20804BDB1E558E1C0051BFD9 /* DataKeys.h */ = {isa = PBXFileReference; fileEncoding = 4; lastKnownFileType = sourcecode.c.h; path = DataKeys.h; sourceTree = "<group>"; };
		20804BDC1E558E1C0051BFD9 /* DataKeys.m */ = {isa = PBXFileReference; fileEncoding = 4; lastKnownFileType = sourcecode.c.objc; path = DataKeys.m; sourceTree = "<group>"; };
/* End PBXFileReference section */

/* Begin PBXFrameworksBuildPhase section */
		20804AA71E5434140051BFD9 /* Frameworks */ = {
			isa = PBXFrameworksBuildPhase;
			buildActionMask = 2147483647;
			files = (
			);
			runOnlyForDeploymentPostprocessing = 0;
		};
		20804AC01E5434150051BFD9 /* Frameworks */ = {
			isa = PBXFrameworksBuildPhase;
			buildActionMask = 2147483647;
			files = (
			);
			runOnlyForDeploymentPostprocessing = 0;
		};
		20804ACB1E5434150051BFD9 /* Frameworks */ = {
			isa = PBXFrameworksBuildPhase;
			buildActionMask = 2147483647;
			files = (
			);
			runOnlyForDeploymentPostprocessing = 0;
		};
/* End PBXFrameworksBuildPhase section */

/* Begin PBXGroup section */
		20127A101E5C524300AE01F1 /* Category */ = {
			isa = PBXGroup;
			children = (
				20127A141E5C52B300AE01F1 /* UINavigation+BackgroundColor.h */,
				20127A151E5C52B300AE01F1 /* UINavigation+BackgroundColor.m */,
			);
			path = Category;
			sourceTree = "<group>";
		};
		20804AA11E5434140051BFD9 = {
			isa = PBXGroup;
			children = (
				20804AAC1E5434140051BFD9 /* 织呼日报 */,
				20804AC61E5434150051BFD9 /* 织呼日报Tests */,
				20804AD11E5434150051BFD9 /* 织呼日报UITests */,
				20804AAB1E5434140051BFD9 /* Products */,
			);
			sourceTree = "<group>";
		};
		20804AAB1E5434140051BFD9 /* Products */ = {
			isa = PBXGroup;
			children = (
				20804AAA1E5434140051BFD9 /* 织呼日报.app */,
				20804AC31E5434150051BFD9 /* 织呼日报Tests.xctest */,
				20804ACE1E5434150051BFD9 /* 织呼日报UITests.xctest */,
			);
			name = Products;
			sourceTree = "<group>";
		};
		20804AAC1E5434140051BFD9 /* 织呼日报 */ = {
			isa = PBXGroup;
			children = (
				20127A101E5C524300AE01F1 /* Category */,
				20804BCB1E5576E10051BFD9 /* Utility */,
				20804AE01E54348A0051BFD9 /* View */,
				20804AE11E54348A0051BFD9 /* Other */,
				20804AE21E54348A0051BFD9 /* Model */,
				20804AE31E54348A0051BFD9 /* Controller */,
				20804AB31E5434140051BFD9 /* ViewController.h */,
				20804AB41E5434140051BFD9 /* ViewController.m */,
				20804AB61E5434140051BFD9 /* Main.storyboard */,
				20804AB91E5434150051BFD9 /* Assets.xcassets */,
				20127A171E5C5F3400AE01F1 /* LoadingScreen.storyboard */,
				20804ABB1E5434150051BFD9 /* LaunchScreen.storyboard */,
				20804ABE1E5434150051BFD9 /* Info.plist */,
				20804AAD1E5434140051BFD9 /* Supporting Files */,
			);
			path = "织呼日报";
			sourceTree = "<group>";
		};
		20804AAD1E5434140051BFD9 /* Supporting Files */ = {
			isa = PBXGroup;
			children = (
				20804AAE1E5434140051BFD9 /* main.m */,
			);
			name = "Supporting Files";
			sourceTree = "<group>";
		};
		20804AC61E5434150051BFD9 /* 织呼日报Tests */ = {
			isa = PBXGroup;
			children = (
				20804AC71E5434150051BFD9 /* ____Tests.m */,
				20804AC91E5434150051BFD9 /* Info.plist */,
			);
			path = "织呼日报Tests";
			sourceTree = "<group>";
		};
		20804AD11E5434150051BFD9 /* 织呼日报UITests */ = {
			isa = PBXGroup;
			children = (
				20804AD21E5434150051BFD9 /* ____UITests.m */,
				20804AD41E5434150051BFD9 /* Info.plist */,
			);
			path = "织呼日报UITests";
			sourceTree = "<group>";
		};
		20804AE01E54348A0051BFD9 /* View */ = {
			isa = PBXGroup;
			children = (
				20804AED1E5434D00051BFD9 /* GradientView.h */,
				20804AEE1E5434D00051BFD9 /* GradientView.m */,
				20804AF01E5434F10051BFD9 /* StoryView.h */,
				20804AF11E5434F10051BFD9 /* StoryView.m */,
				20804AF31E5435100051BFD9 /* StoriesTableViewCell.h */,
				20804AF41E5435100051BFD9 /* StoriesTableViewCell.m */,
				20804AF51E5435100051BFD9 /* StoriesTableViewCell.xib */,
				20804AF81E5435270051BFD9 /* StoriesHeaderCell.h */,
				20804AF91E5435270051BFD9 /* StoriesHeaderCell.m */,
				20127A111E5C527800AE01F1 /* SliderView.h */,
				20127A121E5C527800AE01F1 /* SliderView.m */,
			);
			path = View;
			sourceTree = "<group>";
		};
		20804AE11E54348A0051BFD9 /* Other */ = {
			isa = PBXGroup;
			children = (
				20804AB01E5434140051BFD9 /* AppDelegate.h */,
				20804AB11E5434140051BFD9 /* AppDelegate.m */,
			);
			path = Other;
			sourceTree = "<group>";
		};
		20804AE21E54348A0051BFD9 /* Model */ = {
			isa = PBXGroup;
			children = (
				20804AFB1E54354C0051BFD9 /* DataSource */,
				20804B021E5435880051BFD9 /* Stories.h */,
				20804B031E5435880051BFD9 /* Stories.m */,
				20804B051E5435900051BFD9 /* Story.h */,
				20804B061E5435900051BFD9 /* Story.m */,
				20804B081E5435A20051BFD9 /* StartImage.h */,
				20804B091E5435A20051BFD9 /* StartImage.m */,
				20804B0B1E5435B60051BFD9 /* CachedImage.h */,
				20804B0C1E5435B60051BFD9 /* CachedImage.m */,
			);
			path = Model;
			sourceTree = "<group>";
		};
		20804AE31E54348A0051BFD9 /* Controller */ = {
			isa = PBXGroup;
			children = (
				20804AE41E5434A50051BFD9 /* SliderViewController.h */,
				20804AE51E5434A50051BFD9 /* SliderViewController.m */,
				20804AE71E5434AC0051BFD9 /* MainViewController.h */,
				20804AE81E5434AC0051BFD9 /* MainViewController.m */,
				20804AEA1E5434B60051BFD9 /* LoadingViewController.h */,
				20804AEB1E5434B60051BFD9 /* LoadingViewController.m */,
			);
			path = Controller;
			sourceTree = "<group>";
		};
		20804AFB1E54354C0051BFD9 /* DataSource */ = {
			isa = PBXGroup;
			children = (
				20804AFC1E5435630051BFD9 /* APIDataSource.h */,
				20804AFD1E5435630051BFD9 /* APIDataSource.m */,
				20804BDB1E558E1C0051BFD9 /* DataKeys.h */,
				20804BDC1E558E1C0051BFD9 /* DataKeys.m */,
			);
			path = DataSource;
			sourceTree = "<group>";
		};
		20804BCB1E5576E10051BFD9 /* Utility */ = {
			isa = PBXGroup;
			children = (
				20804BCC1E5576F50051BFD9 /* APIRequest.h */,
				20804BCD1E5576F50051BFD9 /* APIRequest.m */,
				20804BCF1E55770B0051BFD9 /* GCDUtil.h */,
				20804BD01E55770C0051BFD9 /* GCDUtil.m */,
				20804BD21E5577190051BFD9 /* CacheUtil.h */,
				20804BD31E5577190051BFD9 /* CacheUtil.m */,
				20804BD51E5577240051BFD9 /* DateUtil.h */,
				20804BD61E5577240051BFD9 /* DateUtil.m */,
				20804BD81E5577310051BFD9 /* MD5Util.h */,
				20804BD91E5577310051BFD9 /* MD5Util.m */,
			);
			path = Utility;
			sourceTree = "<group>";
		};
/* End PBXGroup section */

/* Begin PBXNativeTarget section */
		20804AA91E5434140051BFD9 /* 织呼日报 */ = {
			isa = PBXNativeTarget;
			buildConfigurationList = 20804AD71E5434150051BFD9 /* Build configuration list for PBXNativeTarget "织呼日报" */;
			buildPhases = (
				20804AA61E5434140051BFD9 /* Sources */,
				20804AA71E5434140051BFD9 /* Frameworks */,
				20804AA81E5434140051BFD9 /* Resources */,
			);
			buildRules = (
			);
			dependencies = (
			);
			name = "织呼日报";
			productName = "织呼日报";
			productReference = 20804AAA1E5434140051BFD9 /* 织呼日报.app */;
			productType = "com.apple.product-type.application";
		};
		20804AC21E5434150051BFD9 /* 织呼日报Tests */ = {
			isa = PBXNativeTarget;
			buildConfigurationList = 20804ADA1E5434150051BFD9 /* Build configuration list for PBXNativeTarget "织呼日报Tests" */;
			buildPhases = (
				20804ABF1E5434150051BFD9 /* Sources */,
				20804AC01E5434150051BFD9 /* Frameworks */,
				20804AC11E5434150051BFD9 /* Resources */,
			);
			buildRules = (
			);
			dependencies = (
				20804AC51E5434150051BFD9 /* PBXTargetDependency */,
			);
			name = "织呼日报Tests";
			productName = "织呼日报Tests";
			productReference = 20804AC31E5434150051BFD9 /* 织呼日报Tests.xctest */;
			productType = "com.apple.product-type.bundle.unit-test";
		};
		20804ACD1E5434150051BFD9 /* 织呼日报UITests */ = {
			isa = PBXNativeTarget;
			buildConfigurationList = 20804ADD1E5434150051BFD9 /* Build configuration list for PBXNativeTarget "织呼日报UITests" */;
			buildPhases = (
				20804ACA1E5434150051BFD9 /* Sources */,
				20804ACB1E5434150051BFD9 /* Frameworks */,
				20804ACC1E5434150051BFD9 /* Resources */,
			);
			buildRules = (
			);
			dependencies = (
				20804AD01E5434150051BFD9 /* PBXTargetDependency */,
			);
			name = "织呼日报UITests";
			productName = "织呼日报UITests";
			productReference = 20804ACE1E5434150051BFD9 /* 织呼日报UITests.xctest */;
			productType = "com.apple.product-type.bundle.ui-testing";
		};
/* End PBXNativeTarget section */

/* Begin PBXProject section */
		20804AA21E5434140051BFD9 /* Project object */ = {
			isa = PBXProject;
			attributes = {
				LastUpgradeCheck = 0820;
				ORGANIZATIONNAME = xyq;
				TargetAttributes = {
					20804AA91E5434140051BFD9 = {
						CreatedOnToolsVersion = 8.2.1;
						DevelopmentTeam = W2P2A5AUVA;
						ProvisioningStyle = Automatic;
					};
					20804AC21E5434150051BFD9 = {
						CreatedOnToolsVersion = 8.2.1;
						DevelopmentTeam = W2P2A5AUVA;
						ProvisioningStyle = Automatic;
						TestTargetID = 20804AA91E5434140051BFD9;
					};
					20804ACD1E5434150051BFD9 = {
						CreatedOnToolsVersion = 8.2.1;
						DevelopmentTeam = W2P2A5AUVA;
						ProvisioningStyle = Automatic;
						TestTargetID = 20804AA91E5434140051BFD9;
					};
				};
			};
			buildConfigurationList = 20804AA51E5434140051BFD9 /* Build configuration list for PBXProject "织呼日报" */;
			compatibilityVersion = "Xcode 3.2";
			developmentRegion = English;
			hasScannedForEncodings = 0;
			knownRegions = (
				en,
				Base,
			);
			mainGroup = 20804AA11E5434140051BFD9;
			productRefGroup = 20804AAB1E5434140051BFD9 /* Products */;
			projectDirPath = "";
			projectRoot = "";
			targets = (
				20804AA91E5434140051BFD9 /* 织呼日报 */,
				20804AC21E5434150051BFD9 /* 织呼日报Tests */,
				20804ACD1E5434150051BFD9 /* 织呼日报UITests */,
			);
		};
/* End PBXProject section */

/* Begin PBXResourcesBuildPhase section */
		20804AA81E5434140051BFD9 /* Resources */ = {
			isa = PBXResourcesBuildPhase;
			buildActionMask = 2147483647;
			files = (
				20804ABD1E5434150051BFD9 /* LaunchScreen.storyboard in Resources */,
				20804AF71E5435100051BFD9 /* StoriesTableViewCell.xib in Resources */,
				20804ABA1E5434150051BFD9 /* Assets.xcassets in Resources */,
				20804AB81E5434140051BFD9 /* Main.storyboard in Resources */,
				20127A181E5C5F3400AE01F1 /* LoadingScreen.storyboard in Resources */,
			);
			runOnlyForDeploymentPostprocessing = 0;
		};
		20804AC11E5434150051BFD9 /* Resources */ = {
			isa = PBXResourcesBuildPhase;
			buildActionMask = 2147483647;
			files = (
			);
			runOnlyForDeploymentPostprocessing = 0;
		};
		20804ACC1E5434150051BFD9 /* Resources */ = {
			isa = PBXResourcesBuildPhase;
			buildActionMask = 2147483647;
			files = (
			);
			runOnlyForDeploymentPostprocessing = 0;
		};
/* End PBXResourcesBuildPhase section */

/* Begin PBXSourcesBuildPhase section */
		20804AA61E5434140051BFD9 /* Sources */ = {
			isa = PBXSourcesBuildPhase;
			buildActionMask = 2147483647;
			files = (
				20804AB51E5434140051BFD9 /* ViewController.m in Sources */,
				20127A131E5C527800AE01F1 /* SliderView.m in Sources */,
				20804BD71E5577240051BFD9 /* DateUtil.m in Sources */,
				20804AFE1E5435630051BFD9 /* APIDataSource.m in Sources */,
				20804AF61E5435100051BFD9 /* StoriesTableViewCell.m in Sources */,
				20804B0D1E5435B60051BFD9 /* CachedImage.m in Sources */,
				20804AEC1E5434B60051BFD9 /* LoadingViewController.m in Sources */,
				20804AF21E5434F10051BFD9 /* StoryView.m in Sources */,
				20804BD11E55770C0051BFD9 /* GCDUtil.m in Sources */,
				20804B071E5435900051BFD9 /* Story.m in Sources */,
				20804AB21E5434140051BFD9 /* AppDelegate.m in Sources */,
				20804AAF1E5434140051BFD9 /* main.m in Sources */,
				20804BDD1E558E1C0051BFD9 /* DataKeys.m in Sources */,
				20804BDA1E5577310051BFD9 /* MD5Util.m in Sources */,
				20804BCE1E5576F50051BFD9 /* APIRequest.m in Sources */,
				20804B041E5435880051BFD9 /* Stories.m in Sources */,
				20804AFA1E5435270051BFD9 /* StoriesHeaderCell.m in Sources */,
				20127A161E5C52B300AE01F1 /* UINavigation+BackgroundColor.m in Sources */,
				20804AE91E5434AC0051BFD9 /* MainViewController.m in Sources */,
				20804AEF1E5434D00051BFD9 /* GradientView.m in Sources */,
				20804B0A1E5435A20051BFD9 /* StartImage.m in Sources */,
				20804BD41E5577190051BFD9 /* CacheUtil.m in Sources */,
				20804AE61E5434A50051BFD9 /* SliderViewController.m in Sources */,
			);
			runOnlyForDeploymentPostprocessing = 0;
		};
		20804ABF1E5434150051BFD9 /* Sources */ = {
			isa = PBXSourcesBuildPhase;
			buildActionMask = 2147483647;
			files = (
				20804AC81E5434150051BFD9 /* ____Tests.m in Sources */,
			);
			runOnlyForDeploymentPostprocessing = 0;
		};
		20804ACA1E5434150051BFD9 /* Sources */ = {
			isa = PBXSourcesBuildPhase;
			buildActionMask = 2147483647;
			files = (
				20804AD31E5434150051BFD9 /* ____UITests.m in Sources */,
			);
			runOnlyForDeploymentPostprocessing = 0;
		};
/* End PBXSourcesBuildPhase section */

/* Begin PBXTargetDependency section */
		20804AC51E5434150051BFD9 /* PBXTargetDependency */ = {
			isa = PBXTargetDependency;
			target = 20804AA91E5434140051BFD9 /* 织呼日报 */;
			targetProxy = 20804AC41E5434150051BFD9 /* PBXContainerItemProxy */;
		};
		20804AD01E5434150051BFD9 /* PBXTargetDependency */ = {
			isa = PBXTargetDependency;
			target = 20804AA91E5434140051BFD9 /* 织呼日报 */;
			targetProxy = 20804ACF1E5434150051BFD9 /* PBXContainerItemProxy */;
		};
/* End PBXTargetDependency section */

/* Begin PBXVariantGroup section */
		20804AB61E5434140051BFD9 /* Main.storyboard */ = {
			isa = PBXVariantGroup;
			children = (
				20804AB71E5434140051BFD9 /* Base */,
			);
			name = Main.storyboard;
			sourceTree = "<group>";
		};
		20804ABB1E5434150051BFD9 /* LaunchScreen.storyboard */ = {
			isa = PBXVariantGroup;
			children = (
				20804ABC1E5434150051BFD9 /* Base */,
			);
			name = LaunchScreen.storyboard;
			sourceTree = "<group>";
		};
/* End PBXVariantGroup section */

/* Begin XCBuildConfiguration section */
		20804AD51E5434150051BFD9 /* Debug */ = {
			isa = XCBuildConfiguration;
			buildSettings = {
				ALWAYS_SEARCH_USER_PATHS = NO;
				CLANG_ANALYZER_NONNULL = YES;
				CLANG_CXX_LANGUAGE_STANDARD = "gnu++0x";
				CLANG_CXX_LIBRARY = "libc++";
				CLANG_ENABLE_MODULES = YES;
				CLANG_ENABLE_OBJC_ARC = YES;
				CLANG_WARN_BOOL_CONVERSION = YES;
				CLANG_WARN_CONSTANT_CONVERSION = YES;
				CLANG_WARN_DIRECT_OBJC_ISA_USAGE = YES_ERROR;
				CLANG_WARN_DOCUMENTATION_COMMENTS = YES;
				CLANG_WARN_EMPTY_BODY = YES;
				CLANG_WARN_ENUM_CONVERSION = YES;
				CLANG_WARN_INFINITE_RECURSION = YES;
				CLANG_WARN_INT_CONVERSION = YES;
				CLANG_WARN_OBJC_ROOT_CLASS = YES_ERROR;
				CLANG_WARN_SUSPICIOUS_MOVE = YES;
				CLANG_WARN_UNREACHABLE_CODE = YES;
				CLANG_WARN__DUPLICATE_METHOD_MATCH = YES;
				"CODE_SIGN_IDENTITY[sdk=iphoneos*]" = "iPhone Developer";
				COPY_PHASE_STRIP = NO;
				DEBUG_INFORMATION_FORMAT = dwarf;
				ENABLE_STRICT_OBJC_MSGSEND = YES;
				ENABLE_TESTABILITY = YES;
				GCC_C_LANGUAGE_STANDARD = gnu99;
				GCC_DYNAMIC_NO_PIC = NO;
				GCC_NO_COMMON_BLOCKS = YES;
				GCC_OPTIMIZATION_LEVEL = 0;
				GCC_PREPROCESSOR_DEFINITIONS = (
					"DEBUG=1",
					"$(inherited)",
				);
				GCC_WARN_64_TO_32_BIT_CONVERSION = YES;
				GCC_WARN_ABOUT_RETURN_TYPE = YES_ERROR;
				GCC_WARN_UNDECLARED_SELECTOR = YES;
				GCC_WARN_UNINITIALIZED_AUTOS = YES_AGGRESSIVE;
				GCC_WARN_UNUSED_FUNCTION = YES;
				GCC_WARN_UNUSED_VARIABLE = YES;
				IPHONEOS_DEPLOYMENT_TARGET = 10.2;
				MTL_ENABLE_DEBUG_INFO = YES;
				ONLY_ACTIVE_ARCH = YES;
				SDKROOT = iphoneos;
			};
			name = Debug;
		};
		20804AD61E5434150051BFD9 /* Release */ = {
			isa = XCBuildConfiguration;
			buildSettings = {
				ALWAYS_SEARCH_USER_PATHS = NO;
				CLANG_ANALYZER_NONNULL = YES;
				CLANG_CXX_LANGUAGE_STANDARD = "gnu++0x";
				CLANG_CXX_LIBRARY = "libc++";
				CLANG_ENABLE_MODULES = YES;
				CLANG_ENABLE_OBJC_ARC = YES;
				CLANG_WARN_BOOL_CONVERSION = YES;
				CLANG_WARN_CONSTANT_CONVERSION = YES;
				CLANG_WARN_DIRECT_OBJC_ISA_USAGE = YES_ERROR;
				CLANG_WARN_DOCUMENTATION_COMMENTS = YES;
				CLANG_WARN_EMPTY_BODY = YES;
				CLANG_WARN_ENUM_CONVERSION = YES;
				CLANG_WARN_INFINITE_RECURSION = YES;
				CLANG_WARN_INT_CONVERSION = YES;
				CLANG_WARN_OBJC_ROOT_CLASS = YES_ERROR;
				CLANG_WARN_SUSPICIOUS_MOVE = YES;
				CLANG_WARN_UNREACHABLE_CODE = YES;
				CLANG_WARN__DUPLICATE_METHOD_MATCH = YES;
				"CODE_SIGN_IDENTITY[sdk=iphoneos*]" = "iPhone Developer";
				COPY_PHASE_STRIP = NO;
				DEBUG_INFORMATION_FORMAT = "dwarf-with-dsym";
				ENABLE_NS_ASSERTIONS = NO;
				ENABLE_STRICT_OBJC_MSGSEND = YES;
				GCC_C_LANGUAGE_STANDARD = gnu99;
				GCC_NO_COMMON_BLOCKS = YES;
				GCC_WARN_64_TO_32_BIT_CONVERSION = YES;
				GCC_WARN_ABOUT_RETURN_TYPE = YES_ERROR;
				GCC_WARN_UNDECLARED_SELECTOR = YES;
				GCC_WARN_UNINITIALIZED_AUTOS = YES_AGGRESSIVE;
				GCC_WARN_UNUSED_FUNCTION = YES;
				GCC_WARN_UNUSED_VARIABLE = YES;
				IPHONEOS_DEPLOYMENT_TARGET = 10.2;
				MTL_ENABLE_DEBUG_INFO = NO;
				SDKROOT = iphoneos;
				VALIDATE_PRODUCT = YES;
			};
			name = Release;
		};
		20804AD81E5434150051BFD9 /* Debug */ = {
			isa = XCBuildConfiguration;
			buildSettings = {
				ASSETCATALOG_COMPILER_APPICON_NAME = AppIcon;
				DEVELOPMENT_TEAM = W2P2A5AUVA;
				INFOPLIST_FILE = "织呼日报/Info.plist";
				LD_RUNPATH_SEARCH_PATHS = "$(inherited) @executable_path/Frameworks";
				PRODUCT_BUNDLE_IDENTIFIER = "xyq.----";
				PRODUCT_NAME = "$(TARGET_NAME)";
			};
			name = Debug;
		};
		20804AD91E5434150051BFD9 /* Release */ = {
			isa = XCBuildConfiguration;
			buildSettings = {
				ASSETCATALOG_COMPILER_APPICON_NAME = AppIcon;
				DEVELOPMENT_TEAM = W2P2A5AUVA;
				INFOPLIST_FILE = "织呼日报/Info.plist";
				LD_RUNPATH_SEARCH_PATHS = "$(inherited) @executable_path/Frameworks";
				PRODUCT_BUNDLE_IDENTIFIER = "xyq.----";
				PRODUCT_NAME = "$(TARGET_NAME)";
			};
			name = Release;
		};
		20804ADB1E5434150051BFD9 /* Debug */ = {
			isa = XCBuildConfiguration;
			buildSettings = {
				BUNDLE_LOADER = "$(TEST_HOST)";
				DEVELOPMENT_TEAM = W2P2A5AUVA;
				INFOPLIST_FILE = "织呼日报Tests/Info.plist";
				LD_RUNPATH_SEARCH_PATHS = "$(inherited) @executable_path/Frameworks @loader_path/Frameworks";
				PRODUCT_BUNDLE_IDENTIFIER = "xyq.----Tests";
				PRODUCT_NAME = "$(TARGET_NAME)";
				TEST_HOST = "$(BUILT_PRODUCTS_DIR)/织呼日报.app/织呼日报";
			};
			name = Debug;
		};
		20804ADC1E5434150051BFD9 /* Release */ = {
			isa = XCBuildConfiguration;
			buildSettings = {
				BUNDLE_LOADER = "$(TEST_HOST)";
				DEVELOPMENT_TEAM = W2P2A5AUVA;
				INFOPLIST_FILE = "织呼日报Tests/Info.plist";
				LD_RUNPATH_SEARCH_PATHS = "$(inherited) @executable_path/Frameworks @loader_path/Frameworks";
				PRODUCT_BUNDLE_IDENTIFIER = "xyq.----Tests";
				PRODUCT_NAME = "$(TARGET_NAME)";
				TEST_HOST = "$(BUILT_PRODUCTS_DIR)/织呼日报.app/织呼日报";
			};
			name = Release;
		};
		20804ADE1E5434150051BFD9 /* Debug */ = {
			isa = XCBuildConfiguration;
			buildSettings = {
				DEVELOPMENT_TEAM = W2P2A5AUVA;
				INFOPLIST_FILE = "织呼日报UITests/Info.plist";
				LD_RUNPATH_SEARCH_PATHS = "$(inherited) @executable_path/Frameworks @loader_path/Frameworks";
				PRODUCT_BUNDLE_IDENTIFIER = "xyq.----UITests";
				PRODUCT_NAME = "$(TARGET_NAME)";
				TEST_TARGET_NAME = "织呼日报";
			};
			name = Debug;
		};
		20804ADF1E5434150051BFD9 /* Release */ = {
			isa = XCBuildConfiguration;
			buildSettings = {
				DEVELOPMENT_TEAM = W2P2A5AUVA;
				INFOPLIST_FILE = "织呼日报UITests/Info.plist";
				LD_RUNPATH_SEARCH_PATHS = "$(inherited) @executable_path/Frameworks @loader_path/Frameworks";
				PRODUCT_BUNDLE_IDENTIFIER = "xyq.----UITests";
				PRODUCT_NAME = "$(TARGET_NAME)";
				TEST_TARGET_NAME = "织呼日报";
			};
			name = Release;
		};
/* End XCBuildConfiguration section */

/* Begin XCConfigurationList section */
		20804AA51E5434140051BFD9 /* Build configuration list for PBXProject "织呼日报" */ = {
			isa = XCConfigurationList;
			buildConfigurations = (
				20804AD51E5434150051BFD9 /* Debug */,
				20804AD61E5434150051BFD9 /* Release */,
			);
			defaultConfigurationIsVisible = 0;
			defaultConfigurationName = Release;
		};
		20804AD71E5434150051BFD9 /* Build configuration list for PBXNativeTarget "织呼日报" */ = {
			isa = XCConfigurationList;
			buildConfigurations = (
				20804AD81E5434150051BFD9 /* Debug */,
				20804AD91E5434150051BFD9 /* Release */,
			);
			defaultConfigurationIsVisible = 0;
			defaultConfigurationName = Release;
		};
		20804ADA1E5434150051BFD9 /* Build configuration list for PBXNativeTarget "织呼日报Tests" */ = {
			isa = XCConfigurationList;
			buildConfigurations = (
				20804ADB1E5434150051BFD9 /* Debug */,
				20804ADC1E5434150051BFD9 /* Release */,
			);
			defaultConfigurationIsVisible = 0;
			defaultConfigurationName = Release;
		};
		20804ADD1E5434150051BFD9 /* Build configuration list for PBXNativeTarget "织呼日报UITests" */ = {
			isa = XCConfigurationList;
			buildConfigurations = (
				20804ADE1E5434150051BFD9 /* Debug */,
				20804ADF1E5434150051BFD9 /* Release */,
			);
			defaultConfigurationIsVisible = 0;
			defaultConfigurationName = Release;
		};
/* End XCConfigurationList section */
	};
	rootObject = 20804AA21E5434140051BFD9 /* Project object */;
}
